// !$*UTF8*$!
{
	archiveVersion = 1;
	classes = {
	};
	objectVersion = 50;
	objects = {

/* Begin PBXBuildFile section */
		1ACE70CE26D4225500B2ED0F /* ScannerDocApp.swift in Sources */ = {isa = PBXBuildFile; fileRef = 1ACE70CD26D4225500B2ED0F /* ScannerDocApp.swift */; };
		1ACE70D026D4225500B2ED0F /* ScannerDocView.swift in Sources */ = {isa = PBXBuildFile; fileRef = 1ACE70CF26D4225500B2ED0F /* ScannerDocView.swift */; };
		1ACE70D226D4225600B2ED0F /* Assets.xcassets in Resources */ = {isa = PBXBuildFile; fileRef = 1ACE70D126D4225600B2ED0F /* Assets.xcassets */; };
		1ACE70D526D4225600B2ED0F /* Preview Assets.xcassets in Resources */ = {isa = PBXBuildFile; fileRef = 1ACE70D426D4225600B2ED0F /* Preview Assets.xcassets */; };
		1ACE70E126D4293A00B2ED0F /* Scan.swift in Sources */ = {isa = PBXBuildFile; fileRef = 1ACE70E026D4293A00B2ED0F /* Scan.swift */; };
		1ACE70E326D42BAB00B2ED0F /* ScannerView.swift in Sources */ = {isa = PBXBuildFile; fileRef = 1ACE70E226D42BAB00B2ED0F /* ScannerView.swift */; };
		1ACE70E526D42EED00B2ED0F /* TextRecognizer.swift in Sources */ = {isa = PBXBuildFile; fileRef = 1ACE70E426D42EED00B2ED0F /* TextRecognizer.swift */; };
		1ACE70E726D4F9AC00B2ED0F /* ScanVM.swift in Sources */ = {isa = PBXBuildFile; fileRef = 1ACE70E626D4F9AC00B2ED0F /* ScanVM.swift */; };
		1ACE70EA26D506D500B2ED0F /* TextContentView.swift in Sources */ = {isa = PBXBuildFile; fileRef = 1ACE70E926D506D500B2ED0F /* TextContentView.swift */; };
		1ACE70EC26D50C3500B2ED0F /* Color.swift in Sources */ = {isa = PBXBuildFile; fileRef = 1ACE70EB26D50C3500B2ED0F /* Color.swift */; };
/* End PBXBuildFile section */

/* Begin PBXFileReference section */
		1ACE70CA26D4225500B2ED0F /* ScannerDoc.app */ = {isa = PBXFileReference; explicitFileType = wrapper.application; includeInIndex = 0; path = ScannerDoc.app; sourceTree = BUILT_PRODUCTS_DIR; };
		1ACE70CD26D4225500B2ED0F /* ScannerDocApp.swift */ = {isa = PBXFileReference; lastKnownFileType = sourcecode.swift; path = ScannerDocApp.swift; sourceTree = "<group>"; };
		1ACE70CF26D4225500B2ED0F /* ScannerDocView.swift */ = {isa = PBXFileReference; lastKnownFileType = sourcecode.swift; path = ScannerDocView.swift; sourceTree = "<group>"; };
		1ACE70D126D4225600B2ED0F /* Assets.xcassets */ = {isa = PBXFileReference; lastKnownFileType = folder.assetcatalog; path = Assets.xcassets; sourceTree = "<group>"; };
		1ACE70D426D4225600B2ED0F /* Preview Assets.xcassets */ = {isa = PBXFileReference; lastKnownFileType = folder.assetcatalog; path = "Preview Assets.xcassets"; sourceTree = "<group>"; };
		1ACE70D626D4225600B2ED0F /* Info.plist */ = {isa = PBXFileReference; lastKnownFileType = text.plist.xml; path = Info.plist; sourceTree = "<group>"; };
		1ACE70E026D4293A00B2ED0F /* Scan.swift */ = {isa = PBXFileReference; lastKnownFileType = sourcecode.swift; path = Scan.swift; sourceTree = "<group>"; };
		1ACE70E226D42BAB00B2ED0F /* ScannerView.swift */ = {isa = PBXFileReference; lastKnownFileType = sourcecode.swift; path = ScannerView.swift; sourceTree = "<group>"; };
		1ACE70E426D42EED00B2ED0F /* TextRecognizer.swift */ = {isa = PBXFileReference; lastKnownFileType = sourcecode.swift; path = TextRecognizer.swift; sourceTree = "<group>"; };
		1ACE70E626D4F9AC00B2ED0F /* ScanVM.swift */ = {isa = PBXFileReference; lastKnownFileType = sourcecode.swift; path = ScanVM.swift; sourceTree = "<group>"; };
		1ACE70E926D506D500B2ED0F /* TextContentView.swift */ = {isa = PBXFileReference; lastKnownFileType = sourcecode.swift; path = TextContentView.swift; sourceTree = "<group>"; };
		1ACE70EB26D50C3500B2ED0F /* Color.swift */ = {isa = PBXFileReference; lastKnownFileType = sourcecode.swift; path = Color.swift; sourceTree = "<group>"; };
/* End PBXFileReference section */

/* Begin PBXFrameworksBuildPhase section */
		1ACE70C726D4225500B2ED0F /* Frameworks */ = {
			isa = PBXFrameworksBuildPhase;
			buildActionMask = 2147483647;
			files = (
			);
			runOnlyForDeploymentPostprocessing = 0;
		};
/* End PBXFrameworksBuildPhase section */

/* Begin PBXGroup section */
		1ACE70C126D4225500B2ED0F = {
			isa = PBXGroup;
			children = (
				1ACE70CC26D4225500B2ED0F /* ScannerDoc */,
				1ACE70CB26D4225500B2ED0F /* Products */,
			);
			sourceTree = "<group>";
		};
		1ACE70CB26D4225500B2ED0F /* Products */ = {
			isa = PBXGroup;
			children = (
				1ACE70CA26D4225500B2ED0F /* ScannerDoc.app */,
			);
			name = Products;
			sourceTree = "<group>";
		};
		1ACE70CC26D4225500B2ED0F /* ScannerDoc */ = {
			isa = PBXGroup;
			children = (
				1ACE70CD26D4225500B2ED0F /* ScannerDocApp.swift */,
				1ACE70DF26D4228500B2ED0F /* Views */,
				1ACE70DE26D4227B00B2ED0F /* ViewModel */,
				1ACE70DD26D4227800B2ED0F /* Model */,
				1ACE70DC26D4227100B2ED0F /* Extension */,
				1ACE70D126D4225600B2ED0F /* Assets.xcassets */,
				1ACE70D626D4225600B2ED0F /* Info.plist */,
				1ACE70D326D4225600B2ED0F /* Preview Content */,
			);
			path = ScannerDoc;
			sourceTree = "<group>";
		};
		1ACE70D326D4225600B2ED0F /* Preview Content */ = {
			isa = PBXGroup;
			children = (
				1ACE70D426D4225600B2ED0F /* Preview Assets.xcassets */,
			);
			path = "Preview Content";
			sourceTree = "<group>";
		};
		1ACE70DC26D4227100B2ED0F /* Extension */ = {
			isa = PBXGroup;
			children = (
				1ACE70EB26D50C3500B2ED0F /* Color.swift */,
			);
			path = Extension;
			sourceTree = "<group>";
		};
		1ACE70DD26D4227800B2ED0F /* Model */ = {
			isa = PBXGroup;
			children = (
				1ACE70E026D4293A00B2ED0F /* Scan.swift */,
			);
			path = Model;
			sourceTree = "<group>";
		};
		1ACE70DE26D4227B00B2ED0F /* ViewModel */ = {
			isa = PBXGroup;
			children = (
				1ACE70E626D4F9AC00B2ED0F /* ScanVM.swift */,
				1ACE70E426D42EED00B2ED0F /* TextRecognizer.swift */,
			);
			path = ViewModel;
			sourceTree = "<group>";
		};
		1ACE70DF26D4228500B2ED0F /* Views */ = {
			isa = PBXGroup;
			children = (
				1ACE70CF26D4225500B2ED0F /* ScannerDocView.swift */,
				1ACE70E226D42BAB00B2ED0F /* ScannerView.swift */,
				1ACE70E926D506D500B2ED0F /* TextContentView.swift */,
			);
			path = Views;
			sourceTree = "<group>";
		};
/* End PBXGroup section */

/* Begin PBXNativeTarget section */
		1ACE70C926D4225500B2ED0F /* ScannerDoc */ = {
			isa = PBXNativeTarget;
			buildConfigurationList = 1ACE70D926D4225600B2ED0F /* Build configuration list for PBXNativeTarget "ScannerDoc" */;
			buildPhases = (
				1ACE70C626D4225500B2ED0F /* Sources */,
				1ACE70C726D4225500B2ED0F /* Frameworks */,
				1ACE70C826D4225500B2ED0F /* Resources */,
			);
			buildRules = (
			);
			dependencies = (
			);
			name = ScannerDoc;
			productName = ScannerDoc;
			productReference = 1ACE70CA26D4225500B2ED0F /* ScannerDoc.app */;
			productType = "com.apple.product-type.application";
		};
/* End PBXNativeTarget section */

/* Begin PBXProject section */
		1ACE70C226D4225500B2ED0F /* Project object */ = {
			isa = PBXProject;
			attributes = {
				LastSwiftUpdateCheck = 1250;
				LastUpgradeCheck = 1250;
				TargetAttributes = {
					1ACE70C926D4225500B2ED0F = {
						CreatedOnToolsVersion = 12.5.1;
					};
				};
			};
			buildConfigurationList = 1ACE70C526D4225500B2ED0F /* Build configuration list for PBXProject "ScannerDoc" */;
			compatibilityVersion = "Xcode 9.3";
			developmentRegion = en;
			hasScannedForEncodings = 0;
			knownRegions = (
				en,
				Base,
			);
			mainGroup = 1ACE70C126D4225500B2ED0F;
			productRefGroup = 1ACE70CB26D4225500B2ED0F /* Products */;
			projectDirPath = "";
			projectRoot = "";
			targets = (
				1ACE70C926D4225500B2ED0F /* ScannerDoc */,
			);
		};
/* End PBXProject section */

/* Begin PBXResourcesBuildPhase section */
		1ACE70C826D4225500B2ED0F /* Resources */ = {
			isa = PBXResourcesBuildPhase;
			buildActionMask = 2147483647;
			files = (
				1ACE70D526D4225600B2ED0F /* Preview Assets.xcassets in Resources */,
				1ACE70D226D4225600B2ED0F /* Assets.xcassets in Resources */,
			);
			runOnlyForDeploymentPostprocessing = 0;
		};
/* End PBXResourcesBuildPhase section */

/* Begin PBXSourcesBuildPhase section */
		1ACE70C626D4225500B2ED0F /* Sources */ = {
			isa = PBXSourcesBuildPhase;
			buildActionMask = 2147483647;
			files = (
				1ACE70D026D4225500B2ED0F /* ScannerDocView.swift in Sources */,
				1ACE70E326D42BAB00B2ED0F /* ScannerView.swift in Sources */,
				1ACE70E526D42EED00B2ED0F /* TextRecognizer.swift in Sources */,
				1ACE70CE26D4225500B2ED0F /* ScannerDocApp.swift in Sources */,
				1ACE70EA26D506D500B2ED0F /* TextContentView.swift in Sources */,
				1ACE70EC26D50C3500B2ED0F /* Color.swift in Sources */,
				1ACE70E126D4293A00B2ED0F /* Scan.swift in Sources */,
				1ACE70E726D4F9AC00B2ED0F /* ScanVM.swift in Sources */,
			);
			runOnlyForDeploymentPostprocessing = 0;
		};
/* End PBXSourcesBuildPhase section */

/* Begin XCBuildConfiguration section */
		1ACE70D726D4225600B2ED0F /* Debug */ = {
			isa = XCBuildConfiguration;
			buildSettings = {
				ALWAYS_SEARCH_USER_PATHS = NO;
				CLANG_ANALYZER_NONNULL = YES;
				CLANG_ANALYZER_NUMBER_OBJECT_CONVERSION = YES_AGGRESSIVE;
				CLANG_CXX_LANGUAGE_STANDARD = "gnu++14";
				CLANG_CXX_LIBRARY = "libc++";
				CLANG_ENABLE_MODULES = YES;
				CLANG_ENABLE_OBJC_ARC = YES;
				CLANG_ENABLE_OBJC_WEAK = YES;
				CLANG_WARN_BLOCK_CAPTURE_AUTORELEASING = YES;
				CLANG_WARN_BOOL_CONVERSION = YES;
				CLANG_WARN_COMMA = YES;
				CLANG_WARN_CONSTANT_CONVERSION = YES;
				CLANG_WARN_DEPRECATED_OBJC_IMPLEMENTATIONS = YES;
				CLANG_WARN_DIRECT_OBJC_ISA_USAGE = YES_ERROR;
				CLANG_WARN_DOCUMENTATION_COMMENTS = YES;
				CLANG_WARN_EMPTY_BODY = YES;
				CLANG_WARN_ENUM_CONVERSION = YES;
				CLANG_WARN_INFINITE_RECURSION = YES;
				CLANG_WARN_INT_CONVERSION = YES;
				CLANG_WARN_NON_LITERAL_NULL_CONVERSION = YES;
				CLANG_WARN_OBJC_IMPLICIT_RETAIN_SELF = YES;
				CLANG_WARN_OBJC_LITERAL_CONVERSION = YES;
				CLANG_WARN_OBJC_ROOT_CLASS = YES_ERROR;
				CLANG_WARN_QUOTED_INCLUDE_IN_FRAMEWORK_HEADER = YES;
				CLANG_WARN_RANGE_LOOP_ANALYSIS = YES;
				CLANG_WARN_STRICT_PROTOTYPES = YES;
				CLANG_WARN_SUSPICIOUS_MOVE = YES;
				CLANG_WARN_UNGUARDED_AVAILABILITY = YES_AGGRESSIVE;
				CLANG_WARN_UNREACHABLE_CODE = YES;
				CLANG_WARN__DUPLICATE_METHOD_MATCH = YES;
				COPY_PHASE_STRIP = NO;
				DEBUG_INFORMATION_FORMAT = dwarf;
				ENABLE_STRICT_OBJC_MSGSEND = YES;
				ENABLE_TESTABILITY = YES;
				GCC_C_LANGUAGE_STANDARD = gnu11;
				GCC_DYNAMIC_NO_PIC = NO;
				GCC_NO_COMMON_BLOCKS = YES;
				GCC_OPTIMIZATION_LEVEL = 0;
				GCC_PREPROCESSOR_DEFINITIONS = (
					"DEBUG=1",
					"$(inherited)",
				);
				GCC_WARN_64_TO_32_BIT_CONVERSION = YES;
				GCC_WARN_ABOUT_RETURN_TYPE = YES_ERROR;
				GCC_WARN_UNDECLARED_SELECTOR = YES;
				GCC_WARN_UNINITIALIZED_AUTOS = YES_AGGRESSIVE;
				GCC_WARN_UNUSED_FUNCTION = YES;
				GCC_WARN_UNUSED_VARIABLE = YES;
				IPHONEOS_DEPLOYMENT_TARGET = 14.5;
				MTL_ENABLE_DEBUG_INFO = INCLUDE_SOURCE;
				MTL_FAST_MATH = YES;
				ONLY_ACTIVE_ARCH = YES;
				SDKROOT = iphoneos;
				SWIFT_ACTIVE_COMPILATION_CONDITIONS = DEBUG;
				SWIFT_OPTIMIZATION_LEVEL = "-Onone";
			};
			name = Debug;
		};
		1ACE70D826D4225600B2ED0F /* Release */ = {
			isa = XCBuildConfiguration;
			buildSettings = {
				ALWAYS_SEARCH_USER_PATHS = NO;
				CLANG_ANALYZER_NONNULL = YES;
				CLANG_ANALYZER_NUMBER_OBJECT_CONVERSION = YES_AGGRESSIVE;
				CLANG_CXX_LANGUAGE_STANDARD = "gnu++14";
				CLANG_CXX_LIBRARY = "libc++";
				CLANG_ENABLE_MODULES = YES;
				CLANG_ENABLE_OBJC_ARC = YES;
				CLANG_ENABLE_OBJC_WEAK = YES;
				CLANG_WARN_BLOCK_CAPTURE_AUTORELEASING = YES;
				CLANG_WARN_BOOL_CONVERSION = YES;
				CLANG_WARN_COMMA = YES;
				CLANG_WARN_CONSTANT_CONVERSION = YES;
				CLANG_WARN_DEPRECATED_OBJC_IMPLEMENTATIONS = YES;
				CLANG_WARN_DIRECT_OBJC_ISA_USAGE = YES_ERROR;
				CLANG_WARN_DOCUMENTATION_COMMENTS = YES;
				CLANG_WARN_EMPTY_BODY = YES;
				CLANG_WARN_ENUM_CONVERSION = YES;
				CLANG_WARN_INFINITE_RECURSION = YES;
				CLANG_WARN_INT_CONVERSION = YES;
				CLANG_WARN_NON_LITERAL_NULL_CONVERSION = YES;
				CLANG_WARN_OBJC_IMPLICIT_RETAIN_SELF = YES;
				CLANG_WARN_OBJC_LITERAL_CONVERSION = YES;
				CLANG_WARN_OBJC_ROOT_CLASS = YES_ERROR;
				CLANG_WARN_QUOTED_INCLUDE_IN_FRAMEWORK_HEADER = YES;
				CLANG_WARN_RANGE_LOOP_ANALYSIS = YES;
				CLANG_WARN_STRICT_PROTOTYPES = YES;
				CLANG_WARN_SUSPICIOUS_MOVE = YES;
				CLANG_WARN_UNGUARDED_AVAILABILITY = YES_AGGRESSIVE;
				CLANG_WARN_UNREACHABLE_CODE = YES;
				CLANG_WARN__DUPLICATE_METHOD_MATCH = YES;
				COPY_PHASE_STRIP = NO;
				DEBUG_INFORMATION_FORMAT = "dwarf-with-dsym";
				ENABLE_NS_ASSERTIONS = NO;
				ENABLE_STRICT_OBJC_MSGSEND = YES;
				GCC_C_LANGUAGE_STANDARD = gnu11;
				GCC_NO_COMMON_BLOCKS = YES;
				GCC_WARN_64_TO_32_BIT_CONVERSION = YES;
				GCC_WARN_ABOUT_RETURN_TYPE = YES_ERROR;
				GCC_WARN_UNDECLARED_SELECTOR = YES;
				GCC_WARN_UNINITIALIZED_AUTOS = YES_AGGRESSIVE;
				GCC_WARN_UNUSED_FUNCTION = YES;
				GCC_WARN_UNUSED_VARIABLE = YES;
				IPHONEOS_DEPLOYMENT_TARGET = 14.5;
				MTL_ENABLE_DEBUG_INFO = NO;
				MTL_FAST_MATH = YES;
				SDKROOT = iphoneos;
				SWIFT_COMPILATION_MODE = wholemodule;
				SWIFT_OPTIMIZATION_LEVEL = "-O";
				VALIDATE_PRODUCT = YES;
			};
			name = Release;
		};
		1ACE70DA26D4225600B2ED0F /* Debug */ = {
			isa = XCBuildConfiguration;
			buildSettings = {
				ASSETCATALOG_COMPILER_APPICON_NAME = AppIcon;
				ASSETCATALOG_COMPILER_GLOBAL_ACCENT_COLOR_NAME = AccentColor;
				CODE_SIGN_STYLE = Automatic;
				DEVELOPMENT_ASSET_PATHS = "\"ScannerDoc/Preview Content\"";
				DEVELOPMENT_TEAM = H5J3S6F67R;
				ENABLE_PREVIEWS = YES;
				INFOPLIST_FILE = ScannerDoc/Info.plist;
				IPHONEOS_DEPLOYMENT_TARGET = 14.0;
				LD_RUNPATH_SEARCH_PATHS = (
					"$(inherited)",
					"@executable_path/Frameworks",
				);
				PRODUCT_BUNDLE_IDENTIFIER = com.pal.artem.ScannerDoc;
				PRODUCT_NAME = "$(TARGET_NAME)";
				SWIFT_VERSION = 5.0;
				TARGETED_DEVICE_FAMILY = "1,2";
			};
			name = Debug;
		};
		1ACE70DB26D4225600B2ED0F /* Release */ = {
			isa = XCBuildConfiguration;
			buildSettings = {
				ASSETCATALOG_COMPILER_APPICON_NAME = AppIcon;
				ASSETCATALOG_COMPILER_GLOBAL_ACCENT_COLOR_NAME = AccentColor;
				CODE_SIGN_STYLE = Automatic;
				DEVELOPMENT_ASSET_PATHS = "\"ScannerDoc/Preview Content\"";
				DEVELOPMENT_TEAM = H5J3S6F67R;
				ENABLE_PREVIEWS = YES;
				INFOPLIST_FILE = ScannerDoc/Info.plist;
				IPHONEOS_DEPLOYMENT_TARGET = 14.0;
				LD_RUNPATH_SEARCH_PATHS = (
					"$(inherited)",
					"@executable_path/Frameworks",
				);
				PRODUCT_BUNDLE_IDENTIFIER = com.pal.artem.ScannerDoc;
				PRODUCT_NAME = "$(TARGET_NAME)";
				SWIFT_VERSION = 5.0;
				TARGETED_DEVICE_FAMILY = "1,2";
			};
			name = Release;
		};
/* End XCBuildConfiguration section */

/* Begin XCConfigurationList section */
		1ACE70C526D4225500B2ED0F /* Build configuration list for PBXProject "ScannerDoc" */ = {
			isa = XCConfigurationList;
			buildConfigurations = (
				1ACE70D726D4225600B2ED0F /* Debug */,
				1ACE70D826D4225600B2ED0F /* Release */,
			);
			defaultConfigurationIsVisible = 0;
			defaultConfigurationName = Release;
		};
		1ACE70D926D4225600B2ED0F /* Build configuration list for PBXNativeTarget "ScannerDoc" */ = {
			isa = XCConfigurationList;
			buildConfigurations = (
				1ACE70DA26D4225600B2ED0F /* Debug */,
				1ACE70DB26D4225600B2ED0F /* Release */,
			);
			defaultConfigurationIsVisible = 0;
			defaultConfigurationName = Release;
		};
/* End XCConfigurationList section */
	};
	rootObject = 1ACE70C226D4225500B2ED0F /* Project object */;
}
